<?xml version="1.0" encoding="utf-8"?>
<Project ToolsVersion="4.0" xmlns="http://schemas.microsoft.com/developer/msbuild/2003">
  <ItemGroup>
    <ClCompile Include="src\game.cpp" />
    <ClCompile Include="src\example_layer.cpp">
      <Filter>layers</Filter>
    </ClCompile>
    <ClCompile Include="src\grid\grid.cpp">
      <Filter>grid</Filter>
    </ClCompile>
    <ClCompile Include="src\grid\grid_tile.cpp">
      <Filter>grid</Filter>
    </ClCompile>
    <ClCompile Include="src\game_layer.cpp">
      <Filter>layers</Filter>
    </ClCompile>
    <ClCompile Include="src\intro_screen.cpp" />
    <ClCompile Include="src\player.cpp">
      <Filter>actors</Filter>
    </ClCompile>
    <ClCompile Include="src\pickup.cpp">
      <Filter>actors</Filter>
    </ClCompile>
    <ClCompile Include="src\orientation.cpp">
      <Filter>utils</Filter>
    </ClCompile>
  </ItemGroup>
  <ItemGroup>
    <Filter Include="layers">
      <UniqueIdentifier>{9cca66c1-9920-4ab8-b715-5d8acabe4b42}</UniqueIdentifier>
    </Filter>
    <Filter Include="grid">
      <UniqueIdentifier>{38bf35ae-3694-47f3-a701-2127276694cd}</UniqueIdentifier>
    </Filter>
    <Filter Include="actors">
      <UniqueIdentifier>{649d6fd4-5d5b-4072-bf75-92ee59d21b75}</UniqueIdentifier>
    </Filter>
    <Filter Include="utils">
      <UniqueIdentifier>{ddba7242-28d3-44d5-a453-36b1bc531244}</UniqueIdentifier>
    </Filter>
  </ItemGroup>
  <ItemGroup>
    <ClInclude Include="src\example_layer.h">
      <Filter>layers</Filter>
    </ClInclude>
    <ClInclude Include="src\grid\grid.h">
      <Filter>grid</Filter>
    </ClInclude>
    <ClInclude Include="src\grid\grid_tile.h">
      <Filter>grid</Filter>
    </ClInclude>
    <ClInclude Include="src\game_layer.h">
      <Filter>layers</Filter>
    </ClInclude>
    <ClInclude Include="src\intro_screen.h" />
    <ClInclude Include="src\player.h">
      <Filter>actors</Filter>
    </ClInclude>
    <ClInclude Include="src\pickup.h">
      <Filter>actors</Filter>
    </ClInclude>
    <ClInclude Include="src\orientation.h">
      <Filter>utils</Filter>
    </ClInclude>
  </ItemGroup>
</Project>